
Microsoft Visual Studio Solution File, Format Version 12.00
# Visual Studio Version 17
VisualStudioVersion = 17.13.35919.96 d17.13
MinimumVisualStudioVersion = 10.0.40219.1
Project("{FAE04EC0-301F-11D3-BF4B-00C04F79EFBC}") = "PBO 10 TM", "PBO 10 TM\PBO 10 TM.csproj", "{13509FE9-73DA-42A1-9769-1F53E9F602C1}"
EndProject
Global
	GlobalSection(SolutionConfigurationPlatforms) = preSolution
		Debug|Any CPU = Debug|Any CPU
		Release|Any CPU = Release|Any CPU
	EndGlobalSection
	GlobalSection(ProjectConfigurationPlatforms) = postSolution
		{13509FE9-73DA-42A1-9769-1F53E9F602C1}.Debug|Any CPU.ActiveCfg = Debug|Any CPU
		{13509FE9-73DA-42A1-9769-1F53E9F602C1}.Debug|Any CPU.Build.0 = Debug|Any CPU
		{13509FE9-73DA-42A1-9769-1F53E9F602C1}.Release|Any CPU.ActiveCfg = Release|Any CPU
		{13509FE9-73DA-42A1-9769-1F53E9F602C1}.Release|Any CPU.Build.0 = Release|Any CPU
	EndGlobalSection
	GlobalSection(SolutionProperties) = preSolution
		HideSolutionNode = FALSE
	EndGlobalSection
	GlobalSection(ExtensibilityGlobals) = postSolution
		SolutionGuid = {E7BB081B-FE96-4A1B-8997-571936240958}
	EndGlobalSection
EndGlobal
